
Microsoft Visual Studio Solution File, Format Version 12.00
# Visual Studio 15
Project("{FAE04EC0-301F-11D3-BF4B-00C04F79EFBC}") = "Assembly-CSharp", "Assembly-CSharp.csproj", "{243B6374-BB4D-1A27-A710-0D284D927D7A}"
EndProject
Project("{FAE04EC0-301F-11D3-BF4B-00C04F79EFBC}") = "Assembly-CSharp-firstpass", "Assembly-CSharp-firstpass.csproj", "{7EC16B4A-424F-86CF-5097-FC389B71F59D}"
EndProject
Project("{FAE04EC0-301F-11D3-BF4B-00C04F79EFBC}") = "Assembly-CSharp-Editor", "Assembly-CSharp-Editor.csproj", "{FBC13553-AE69-75A7-34C6-25224AC39144}"
EndProject
Project("{FAE04EC0-301F-11D3-BF4B-00C04F79EFBC}") = "Assembly-CSharp-Editor-firstpass", "Assembly-CSharp-Editor-firstpass.csproj", "{42A1769F-843C-4DAA-5048-FAEF983B687E}"
EndProject
Global
	GlobalSection(SolutionConfigurationPlatforms) = preSolution
		Debug|Any CPU = Debug|Any CPU
		Release|Any CPU = Release|Any CPU
	EndGlobalSection
	GlobalSection(ProjectConfigurationPlatforms) = postSolution
		{243B6374-BB4D-1A27-A710-0D284D927D7A}.Debug|Any CPU.ActiveCfg = Debug|Any CPU
		{243B6374-BB4D-1A27-A710-0D284D927D7A}.Debug|Any CPU.Build.0 = Debug|Any CPU
		{243B6374-BB4D-1A27-A710-0D284D927D7A}.Release|Any CPU.ActiveCfg = Release|Any CPU
		{243B6374-BB4D-1A27-A710-0D284D927D7A}.Release|Any CPU.Build.0 = Release|Any CPU
		{7EC16B4A-424F-86CF-5097-FC389B71F59D}.Debug|Any CPU.ActiveCfg = Debug|Any CPU
		{7EC16B4A-424F-86CF-5097-FC389B71F59D}.Debug|Any CPU.Build.0 = Debug|Any CPU
		{7EC16B4A-424F-86CF-5097-FC389B71F59D}.Release|Any CPU.ActiveCfg = Release|Any CPU
		{7EC16B4A-424F-86CF-5097-FC389B71F59D}.Release|Any CPU.Build.0 = Release|Any CPU
		{FBC13553-AE69-75A7-34C6-25224AC39144}.Debug|Any CPU.ActiveCfg = Debug|Any CPU
		{FBC13553-AE69-75A7-34C6-25224AC39144}.Debug|Any CPU.Build.0 = Debug|Any CPU
		{FBC13553-AE69-75A7-34C6-25224AC39144}.Release|Any CPU.ActiveCfg = Release|Any CPU
		{FBC13553-AE69-75A7-34C6-25224AC39144}.Release|Any CPU.Build.0 = Release|Any CPU
		{42A1769F-843C-4DAA-5048-FAEF983B687E}.Debug|Any CPU.ActiveCfg = Debug|Any CPU
		{42A1769F-843C-4DAA-5048-FAEF983B687E}.Debug|Any CPU.Build.0 = Debug|Any CPU
		{42A1769F-843C-4DAA-5048-FAEF983B687E}.Release|Any CPU.ActiveCfg = Release|Any CPU
		{42A1769F-843C-4DAA-5048-FAEF983B687E}.Release|Any CPU.Build.0 = Release|Any CPU
	EndGlobalSection
	GlobalSection(SolutionProperties) = preSolution
		HideSolutionNode = FALSE
	EndGlobalSection
EndGlobal
